{
  "name": "sovtech",
  "version": "1.0.0",
  "lockfileVersion": 1,
  "requires": true,
  "dependencies": {
    "animate.css": {
      "version": "3.7.0",
      "resolved": "https://registry.npmjs.org/animate.css/-/animate.css-3.7.0.tgz",
      "integrity": "sha512-u3iMXDJr0cxMdQocIciDiou9Au4L5f9uT+/jCtprw3s1j3HcfCuI+khF+90Ps2KdsEhM2soF7SXB4WUvI3HlXg=="
    },
    "countup.js": {
      "version": "1.9.3",
      "resolved": "https://registry.npmjs.org/countup.js/-/countup.js-1.9.3.tgz",
      "integrity": "sha1-zj5QzXFgRB5HjwfaMYle3MDxyd0="
    },
    "fullpage.js": {
      "version": "3.0.4",
      "resolved": "https://registry.npmjs.org/fullpage.js/-/fullpage.js-3.0.4.tgz",
      "integrity": "sha512-GWpud0Gvr8i4k3QySoajFevO18UBKMJ9znU3o4uaXZkKYqLtS8d1BSQoAARmYwYgBLOw3YrKAG+4LoaIokO1UA=="
    }
  }
}
